
Microsoft Visual Studio Solution File, Format Version 12.00
# Visual Studio Version 16
VisualStudioVersion = 16.0.29326.143
MinimumVisualStudioVersion = 10.0.40219.1
Project("{2150E333-8FDC-42A3-9474-1A3956D46DE8}") = "src", "src", "{9F44B4F0-E1F3-4204-879E-DC99316B9F27}"
EndProject
Project("{2150E333-8FDC-42A3-9474-1A3956D46DE8}") = "test", "test", "{A1B3440D-26F7-42E2-BCC9-3952F3D58D74}"
EndProject
Project("{9A19103F-16F7-4668-BE54-9A1E7A4F7556}") = "LoanDecisioning.API", "LoanDecisioning.API\LoanDecisioning.API.csproj", "{CABE086F-64E3-488B-9BFE-E2B423852D5F}"
EndProject
Project("{9A19103F-16F7-4668-BE54-9A1E7A4F7556}") = "LoanDecisioning.Core", "LoanDecisioning.Core\LoanDecisioning.Core.csproj", "{8D104024-9B11-4B45-84C0-291946DA85D6}"
EndProject
Project("{9A19103F-16F7-4668-BE54-9A1E7A4F7556}") = "LoanDecisioning.Data", "LoanDecisioning.Data\LoanDecisioning.Data.csproj", "{38AEA359-8D35-476B-A8D3-364B8116C8DE}"
EndProject
Project("{9A19103F-16F7-4668-BE54-9A1E7A4F7556}") = "LoanDecisioning.API.Tests", "LoanDecisioning.API.Tests\LoanDecisioning.API.Tests.csproj", "{7853ABB1-288A-4521-83B3-60BFFD89B175}"
EndProject
Project("{FAE04EC0-301F-11D3-BF4B-00C04F79EFBC}") = "LoanDecisioning.Core.Tests", "LoanDecisioning.Core.Tests\LoanDecisioning.Core.Tests.csproj", "{6943C9EC-B79E-4618-BA08-23AE3DF94FB6}"
EndProject
Global
	GlobalSection(SolutionConfigurationPlatforms) = preSolution
		Debug|Any CPU = Debug|Any CPU
		Release|Any CPU = Release|Any CPU
	EndGlobalSection
	GlobalSection(ProjectConfigurationPlatforms) = postSolution
		{CABE086F-64E3-488B-9BFE-E2B423852D5F}.Debug|Any CPU.ActiveCfg = Debug|Any CPU
		{CABE086F-64E3-488B-9BFE-E2B423852D5F}.Debug|Any CPU.Build.0 = Debug|Any CPU
		{CABE086F-64E3-488B-9BFE-E2B423852D5F}.Release|Any CPU.ActiveCfg = Release|Any CPU
		{CABE086F-64E3-488B-9BFE-E2B423852D5F}.Release|Any CPU.Build.0 = Release|Any CPU
		{8D104024-9B11-4B45-84C0-291946DA85D6}.Debug|Any CPU.ActiveCfg = Debug|Any CPU
		{8D104024-9B11-4B45-84C0-291946DA85D6}.Debug|Any CPU.Build.0 = Debug|Any CPU
		{8D104024-9B11-4B45-84C0-291946DA85D6}.Release|Any CPU.ActiveCfg = Release|Any CPU
		{8D104024-9B11-4B45-84C0-291946DA85D6}.Release|Any CPU.Build.0 = Release|Any CPU
		{38AEA359-8D35-476B-A8D3-364B8116C8DE}.Debug|Any CPU.ActiveCfg = Debug|Any CPU
		{38AEA359-8D35-476B-A8D3-364B8116C8DE}.Debug|Any CPU.Build.0 = Debug|Any CPU
		{38AEA359-8D35-476B-A8D3-364B8116C8DE}.Release|Any CPU.ActiveCfg = Release|Any CPU
		{38AEA359-8D35-476B-A8D3-364B8116C8DE}.Release|Any CPU.Build.0 = Release|Any CPU
		{7853ABB1-288A-4521-83B3-60BFFD89B175}.Debug|Any CPU.ActiveCfg = Debug|Any CPU
		{7853ABB1-288A-4521-83B3-60BFFD89B175}.Debug|Any CPU.Build.0 = Debug|Any CPU
		{7853ABB1-288A-4521-83B3-60BFFD89B175}.Release|Any CPU.ActiveCfg = Release|Any CPU
		{7853ABB1-288A-4521-83B3-60BFFD89B175}.Release|Any CPU.Build.0 = Release|Any CPU
		{6943C9EC-B79E-4618-BA08-23AE3DF94FB6}.Debug|Any CPU.ActiveCfg = Debug|Any CPU
		{6943C9EC-B79E-4618-BA08-23AE3DF94FB6}.Debug|Any CPU.Build.0 = Debug|Any CPU
		{6943C9EC-B79E-4618-BA08-23AE3DF94FB6}.Release|Any CPU.ActiveCfg = Release|Any CPU
		{6943C9EC-B79E-4618-BA08-23AE3DF94FB6}.Release|Any CPU.Build.0 = Release|Any CPU
	EndGlobalSection
	GlobalSection(SolutionProperties) = preSolution
		HideSolutionNode = FALSE
	EndGlobalSection
	GlobalSection(NestedProjects) = preSolution
		{CABE086F-64E3-488B-9BFE-E2B423852D5F} = {9F44B4F0-E1F3-4204-879E-DC99316B9F27}
		{8D104024-9B11-4B45-84C0-291946DA85D6} = {9F44B4F0-E1F3-4204-879E-DC99316B9F27}
		{38AEA359-8D35-476B-A8D3-364B8116C8DE} = {9F44B4F0-E1F3-4204-879E-DC99316B9F27}
		{7853ABB1-288A-4521-83B3-60BFFD89B175} = {A1B3440D-26F7-42E2-BCC9-3952F3D58D74}
		{6943C9EC-B79E-4618-BA08-23AE3DF94FB6} = {A1B3440D-26F7-42E2-BCC9-3952F3D58D74}
	EndGlobalSection
	GlobalSection(ExtensibilityGlobals) = postSolution
		SolutionGuid = {57CD18AD-BA7D-47B8-8698-5323EE0F53E6}
	EndGlobalSection
EndGlobal
