
Microsoft Visual Studio Solution File, Format Version 12.00
# Visual Studio Version 16
VisualStudioVersion = 16.0.29326.143
MinimumVisualStudioVersion = 10.0.40219.1
Project("{FAE04EC0-301F-11D3-BF4B-00C04F79EFBC}") = "LoanDecisioning.API", "LoanDecisioning.API.csproj", "{AB8E251D-A698-4430-BAA6-166D8FA35072}"
EndProject
Global
	GlobalSection(SolutionConfigurationPlatforms) = preSolution
		Debug|Any CPU = Debug|Any CPU
		Release|Any CPU = Release|Any CPU
	EndGlobalSection
	GlobalSection(ProjectConfigurationPlatforms) = postSolution
		{AB8E251D-A698-4430-BAA6-166D8FA35072}.Debug|Any CPU.ActiveCfg = Debug|Any CPU
		{AB8E251D-A698-4430-BAA6-166D8FA35072}.Debug|Any CPU.Build.0 = Debug|Any CPU
		{AB8E251D-A698-4430-BAA6-166D8FA35072}.Release|Any CPU.ActiveCfg = Release|Any CPU
		{AB8E251D-A698-4430-BAA6-166D8FA35072}.Release|Any CPU.Build.0 = Release|Any CPU
	EndGlobalSection
	GlobalSection(SolutionProperties) = preSolution
		HideSolutionNode = FALSE
	EndGlobalSection
	GlobalSection(ExtensibilityGlobals) = postSolution
		SolutionGuid = {E835C447-E7D0-426A-8B74-FAA4A582C4B0}
	EndGlobalSection
EndGlobal
